{
  "name": "@heiwa4126/hello-github-package",
  "version": "1.0.0",
  "lockfileVersion": 3,
  "requires": true,
  "packages": {
    "": {
      "name": "@heiwa4126/hello-github-package",
      "version": "1.0.0",
      "license": "MIT"
    },
    "publishConfig": {
      "@heiwa4126:regihello-github-package": "https://npm.pkg.github.com"
    }
  }
}
